// !$*UTF8*$!
{
	archiveVersion = 1;
	classes = {
	};
	objectVersion = 46;
	objects = {

/* Begin PBXBuildFile section */
		8700A62D1D502833000C9273 /* main.m in Sources */ = {isa = PBXBuildFile; fileRef = 8700A62C1D502833000C9273 /* main.m */; };
		8700A6301D502833000C9273 /* AppDelegate.m in Sources */ = {isa = PBXBuildFile; fileRef = 8700A62F1D502833000C9273 /* AppDelegate.m */; };
		8700A6331D502833000C9273 /* ViewController.m in Sources */ = {isa = PBXBuildFile; fileRef = 8700A6321D502833000C9273 /* ViewController.m */; };
		8700A6361D502833000C9273 /* Main.storyboard in Resources */ = {isa = PBXBuildFile; fileRef = 8700A6341D502833000C9273 /* Main.storyboard */; };
		8700A6381D502833000C9273 /* Assets.xcassets in Resources */ = {isa = PBXBuildFile; fileRef = 8700A6371D502833000C9273 /* Assets.xcassets */; };
		8700A63B1D502833000C9273 /* LaunchScreen.storyboard in Resources */ = {isa = PBXBuildFile; fileRef = 8700A6391D502833000C9273 /* LaunchScreen.storyboard */; };
		B83B70D5D31A26DE5F4FF4DE /* libPods-Demo01.a in Frameworks */ = {isa = PBXBuildFile; fileRef = 38F25FC9730F68F845CF4CFF /* libPods-Demo01.a */; };
/* End PBXBuildFile section */

/* Begin PBXFileReference section */
		2B199AD75CF9EAB7D2F2C7F2 /* Pods-Demo01.debug.xcconfig */ = {isa = PBXFileReference; includeInIndex = 1; lastKnownFileType = text.xcconfig; name = "Pods-Demo01.debug.xcconfig"; path = "Pods/Target Support Files/Pods-Demo01/Pods-Demo01.debug.xcconfig"; sourceTree = "<group>"; };
		38F25FC9730F68F845CF4CFF /* libPods-Demo01.a */ = {isa = PBXFileReference; explicitFileType = archive.ar; includeInIndex = 0; path = "libPods-Demo01.a"; sourceTree = BUILT_PRODUCTS_DIR; };
		402947E27EF088BE76C2829E /* Pods-Demo01.release.xcconfig */ = {isa = PBXFileReference; includeInIndex = 1; lastKnownFileType = text.xcconfig; name = "Pods-Demo01.release.xcconfig"; path = "Pods/Target Support Files/Pods-Demo01/Pods-Demo01.release.xcconfig"; sourceTree = "<group>"; };
		8700A6281D502833000C9273 /* Demo01.app */ = {isa = PBXFileReference; explicitFileType = wrapper.application; includeInIndex = 0; path = Demo01.app; sourceTree = BUILT_PRODUCTS_DIR; };
		8700A62C1D502833000C9273 /* main.m */ = {isa = PBXFileReference; lastKnownFileType = sourcecode.c.objc; path = main.m; sourceTree = "<group>"; };
		8700A62E1D502833000C9273 /* AppDelegate.h */ = {isa = PBXFileReference; lastKnownFileType = sourcecode.c.h; path = AppDelegate.h; sourceTree = "<group>"; };
		8700A62F1D502833000C9273 /* AppDelegate.m */ = {isa = PBXFileReference; lastKnownFileType = sourcecode.c.objc; path = AppDelegate.m; sourceTree = "<group>"; };
		8700A6311D502833000C9273 /* ViewController.h */ = {isa = PBXFileReference; lastKnownFileType = sourcecode.c.h; path = ViewController.h; sourceTree = "<group>"; };
		8700A6321D502833000C9273 /* ViewController.m */ = {isa = PBXFileReference; lastKnownFileType = sourcecode.c.objc; path = ViewController.m; sourceTree = "<group>"; };
		8700A6351D502833000C9273 /* Base */ = {isa = PBXFileReference; lastKnownFileType = file.storyboard; name = Base; path = Base.lproj/Main.storyboard; sourceTree = "<group>"; };
		8700A6371D502833000C9273 /* Assets.xcassets */ = {isa = PBXFileReference; lastKnownFileType = folder.assetcatalog; path = Assets.xcassets; sourceTree = "<group>"; };
		8700A63A1D502833000C9273 /* Base */ = {isa = PBXFileReference; lastKnownFileType = file.storyboard; name = Base; path = Base.lproj/LaunchScreen.storyboard; sourceTree = "<group>"; };
		8700A63C1D502833000C9273 /* Info.plist */ = {isa = PBXFileReference; lastKnownFileType = text.plist.xml; path = Info.plist; sourceTree = "<group>"; };
/* End PBXFileReference section */

/* Begin PBXFrameworksBuildPhase section */
		8700A6251D502833000C9273 /* Frameworks */ = {
			isa = PBXFrameworksBuildPhase;
			buildActionMask = 2147483647;
			files = (
				B83B70D5D31A26DE5F4FF4DE /* libPods-Demo01.a in Frameworks */,
			);
			runOnlyForDeploymentPostprocessing = 0;
		};
/* End PBXFrameworksBuildPhase section */

/* Begin PBXGroup section */
		5D83B44A27581A43A2DD2714 /* Frameworks */ = {
			isa = PBXGroup;
			children = (
				38F25FC9730F68F845CF4CFF /* libPods-Demo01.a */,
			);
			name = Frameworks;
			sourceTree = "<group>";
		};
		7D85981B04FB74544C78CF84 /* Pods */ = {
			isa = PBXGroup;
			children = (
				2B199AD75CF9EAB7D2F2C7F2 /* Pods-Demo01.debug.xcconfig */,
				402947E27EF088BE76C2829E /* Pods-Demo01.release.xcconfig */,
			);
			name = Pods;
			sourceTree = "<group>";
		};
		8700A61F1D502833000C9273 = {
			isa = PBXGroup;
			children = (
				8700A62A1D502833000C9273 /* Demo01 */,
				8700A6291D502833000C9273 /* Products */,
				7D85981B04FB74544C78CF84 /* Pods */,
				5D83B44A27581A43A2DD2714 /* Frameworks */,
			);
			sourceTree = "<group>";
		};
		8700A6291D502833000C9273 /* Products */ = {
			isa = PBXGroup;
			children = (
				8700A6281D502833000C9273 /* Demo01.app */,
			);
			name = Products;
			sourceTree = "<group>";
		};
		8700A62A1D502833000C9273 /* Demo01 */ = {
			isa = PBXGroup;
			children = (
				8700A62E1D502833000C9273 /* AppDelegate.h */,
				8700A62F1D502833000C9273 /* AppDelegate.m */,
				8700A6311D502833000C9273 /* ViewController.h */,
				8700A6321D502833000C9273 /* ViewController.m */,
				8700A6341D502833000C9273 /* Main.storyboard */,
				8700A6371D502833000C9273 /* Assets.xcassets */,
				8700A6391D502833000C9273 /* LaunchScreen.storyboard */,
				8700A63C1D502833000C9273 /* Info.plist */,
				8700A62B1D502833000C9273 /* Supporting Files */,
			);
			path = Demo01;
			sourceTree = "<group>";
		};
		8700A62B1D502833000C9273 /* Supporting Files */ = {
			isa = PBXGroup;
			children = (
				8700A62C1D502833000C9273 /* main.m */,
			);
			name = "Supporting Files";
			sourceTree = "<group>";
		};
/* End PBXGroup section */

/* Begin PBXNativeTarget section */
		8700A6271D502833000C9273 /* Demo01 */ = {
			isa = PBXNativeTarget;
			buildConfigurationList = 8700A63F1D502833000C9273 /* Build configuration list for PBXNativeTarget "Demo01" */;
			buildPhases = (
				383EDB9098AF7726B345967D /* [CP] Check Pods Manifest.lock */,
				8700A6241D502833000C9273 /* Sources */,
				8700A6251D502833000C9273 /* Frameworks */,
				8700A6261D502833000C9273 /* Resources */,
				6F35347C7C367DAADA3787B5 /* [CP] Embed Pods Frameworks */,
				7220A8AC32F219E6AECC0717 /* [CP] Copy Pods Resources */,
			);
			buildRules = (
			);
			dependencies = (
			);
			name = Demo01;
			productName = Demo01;
			productReference = 8700A6281D502833000C9273 /* Demo01.app */;
			productType = "com.apple.product-type.application";
		};
/* End PBXNativeTarget section */

/* Begin PBXProject section */
		8700A6201D502833000C9273 /* Project object */ = {
			isa = PBXProject;
			attributes = {
				LastUpgradeCheck = 0700;
				ORGANIZATIONNAME = qdyujiang002;
				TargetAttributes = {
					8700A6271D502833000C9273 = {
						CreatedOnToolsVersion = 7.0;
						DevelopmentTeam = 9D3PH83NQM;
					};
				};
			};
			buildConfigurationList = 8700A6231D502833000C9273 /* Build configuration list for PBXProject "Demo01" */;
			compatibilityVersion = "Xcode 3.2";
			developmentRegion = English;
			hasScannedForEncodings = 0;
			knownRegions = (
				en,
				Base,
			);
			mainGroup = 8700A61F1D502833000C9273;
			productRefGroup = 8700A6291D502833000C9273 /* Products */;
			projectDirPath = "";
			projectRoot = "";
			targets = (
				8700A6271D502833000C9273 /* Demo01 */,
			);
		};
/* End PBXProject section */

/* Begin PBXResourcesBuildPhase section */
		8700A6261D502833000C9273 /* Resources */ = {
			isa = PBXResourcesBuildPhase;
			buildActionMask = 2147483647;
			files = (
				8700A63B1D502833000C9273 /* LaunchScreen.storyboard in Resources */,
				8700A6381D502833000C9273 /* Assets.xcassets in Resources */,
				8700A6361D502833000C9273 /* Main.storyboard in Resources */,
			);
			runOnlyForDeploymentPostprocessing = 0;
		};
/* End PBXResourcesBuildPhase section */

/* Begin PBXShellScriptBuildPhase section */
		383EDB9098AF7726B345967D /* [CP] Check Pods Manifest.lock */ = {
			isa = PBXShellScriptBuildPhase;
			buildActionMask = 2147483647;
			files = (
			);
			inputPaths = (
			);
			name = "[CP] Check Pods Manifest.lock";
			outputPaths = (
			);
			runOnlyForDeploymentPostprocessing = 0;
			shellPath = /bin/sh;
			shellScript = "diff \"${PODS_ROOT}/../Podfile.lock\" \"${PODS_ROOT}/Manifest.lock\" > /dev/null\nif [[ $? != 0 ]] ; then\n    cat << EOM\nerror: The sandbox is not in sync with the Podfile.lock. Run 'pod install' or update your CocoaPods installation.\nEOM\n    exit 1\nfi\n";
			showEnvVarsInLog = 0;
		};
		6F35347C7C367DAADA3787B5 /* [CP] Embed Pods Frameworks */ = {
			isa = PBXShellScriptBuildPhase;
			buildActionMask = 2147483647;
			files = (
			);
			inputPaths = (
			);
			name = "[CP] Embed Pods Frameworks";
			outputPaths = (
			);
			runOnlyForDeploymentPostprocessing = 0;
			shellPath = /bin/sh;
			shellScript = "\"${SRCROOT}/Pods/Target Support Files/Pods-Demo01/Pods-Demo01-frameworks.sh\"\n";
			showEnvVarsInLog = 0;
		};
		7220A8AC32F219E6AECC0717 /* [CP] Copy Pods Resources */ = {
			isa = PBXShellScriptBuildPhase;
			buildActionMask = 2147483647;
			files = (
			);
			inputPaths = (
			);
			name = "[CP] Copy Pods Resources";
			outputPaths = (
			);
			runOnlyForDeploymentPostprocessing = 0;
			shellPath = /bin/sh;
			shellScript = "\"${SRCROOT}/Pods/Target Support Files/Pods-Demo01/Pods-Demo01-resources.sh\"\n";
			showEnvVarsInLog = 0;
		};
/* End PBXShellScriptBuildPhase section */

/* Begin PBXSourcesBuildPhase section */
		8700A6241D502833000C9273 /* Sources */ = {
			isa = PBXSourcesBuildPhase;
			buildActionMask = 2147483647;
			files = (
				8700A6331D502833000C9273 /* ViewController.m in Sources */,
				8700A6301D502833000C9273 /* AppDelegate.m in Sources */,
				8700A62D1D502833000C9273 /* main.m in Sources */,
			);
			runOnlyForDeploymentPostprocessing = 0;
		};
/* End PBXSourcesBuildPhase section */

/* Begin PBXVariantGroup section */
		8700A6341D502833000C9273 /* Main.storyboard */ = {
			isa = PBXVariantGroup;
			children = (
				8700A6351D502833000C9273 /* Base */,
			);
			name = Main.storyboard;
			sourceTree = "<group>";
		};
		8700A6391D502833000C9273 /* LaunchScreen.storyboard */ = {
			isa = PBXVariantGroup;
			children = (
				8700A63A1D502833000C9273 /* Base */,
			);
			name = LaunchScreen.storyboard;
			sourceTree = "<group>";
		};
/* End PBXVariantGroup section */

/* Begin XCBuildConfiguration section */
		8700A63D1D502833000C9273 /* Debug */ = {
			isa = XCBuildConfiguration;
			buildSettings = {
				ALWAYS_SEARCH_USER_PATHS = NO;
				CLANG_CXX_LANGUAGE_STANDARD = "gnu++0x";
				CLANG_CXX_LIBRARY = "libc++";
				CLANG_ENABLE_MODULES = YES;
				CLANG_ENABLE_OBJC_ARC = YES;
				CLANG_WARN_BOOL_CONVERSION = YES;
				CLANG_WARN_CONSTANT_CONVERSION = YES;
				CLANG_WARN_DIRECT_OBJC_ISA_USAGE = YES_ERROR;
				CLANG_WARN_EMPTY_BODY = YES;
				CLANG_WARN_ENUM_CONVERSION = YES;
				CLANG_WARN_INT_CONVERSION = YES;
				CLANG_WARN_OBJC_ROOT_CLASS = YES_ERROR;
				CLANG_WARN_UNREACHABLE_CODE = YES;
				CLANG_WARN__DUPLICATE_METHOD_MATCH = YES;
				"CODE_SIGN_IDENTITY[sdk=iphoneos*]" = "iPhone Developer";
				COPY_PHASE_STRIP = NO;
				DEBUG_INFORMATION_FORMAT = dwarf;
				ENABLE_STRICT_OBJC_MSGSEND = YES;
				ENABLE_TESTABILITY = YES;
				GCC_C_LANGUAGE_STANDARD = gnu99;
				GCC_DYNAMIC_NO_PIC = NO;
				GCC_NO_COMMON_BLOCKS = YES;
				GCC_OPTIMIZATION_LEVEL = 0;
				GCC_PREPROCESSOR_DEFINITIONS = (
					"DEBUG=1",
					"$(inherited)",
				);
				GCC_WARN_64_TO_32_BIT_CONVERSION = YES;
				GCC_WARN_ABOUT_RETURN_TYPE = YES_ERROR;
				GCC_WARN_UNDECLARED_SELECTOR = YES;
				GCC_WARN_UNINITIALIZED_AUTOS = YES_AGGRESSIVE;
				GCC_WARN_UNUSED_FUNCTION = YES;
				GCC_WARN_UNUSED_VARIABLE = YES;
				IPHONEOS_DEPLOYMENT_TARGET = 9.0;
				MTL_ENABLE_DEBUG_INFO = YES;
				ONLY_ACTIVE_ARCH = YES;
				SDKROOT = iphoneos;
				TARGETED_DEVICE_FAMILY = "1,2";
			};
			name = Debug;
		};
		8700A63E1D502833000C9273 /* Release */ = {
			isa = XCBuildConfiguration;
			buildSettings = {
				ALWAYS_SEARCH_USER_PATHS = NO;
				CLANG_CXX_LANGUAGE_STANDARD = "gnu++0x";
				CLANG_CXX_LIBRARY = "libc++";
				CLANG_ENABLE_MODULES = YES;
				CLANG_ENABLE_OBJC_ARC = YES;
				CLANG_WARN_BOOL_CONVERSION = YES;
				CLANG_WARN_CONSTANT_CONVERSION = YES;
				CLANG_WARN_DIRECT_OBJC_ISA_USAGE = YES_ERROR;
				CLANG_WARN_EMPTY_BODY = YES;
				CLANG_WARN_ENUM_CONVERSION = YES;
				CLANG_WARN_INT_CONVERSION = YES;
				CLANG_WARN_OBJC_ROOT_CLASS = YES_ERROR;
				CLANG_WARN_UNREACHABLE_CODE = YES;
				CLANG_WARN__DUPLICATE_METHOD_MATCH = YES;
				"CODE_SIGN_IDENTITY[sdk=iphoneos*]" = "iPhone Developer";
				COPY_PHASE_STRIP = NO;
				DEBUG_INFORMATION_FORMAT = "dwarf-with-dsym";
				ENABLE_NS_ASSERTIONS = NO;
				ENABLE_STRICT_OBJC_MSGSEND = YES;
				GCC_C_LANGUAGE_STANDARD = gnu99;
				GCC_NO_COMMON_BLOCKS = YES;
				GCC_WARN_64_TO_32_BIT_CONVERSION = YES;
				GCC_WARN_ABOUT_RETURN_TYPE = YES_ERROR;
				GCC_WARN_UNDECLARED_SELECTOR = YES;
				GCC_WARN_UNINITIALIZED_AUTOS = YES_AGGRESSIVE;
				GCC_WARN_UNUSED_FUNCTION = YES;
				GCC_WARN_UNUSED_VARIABLE = YES;
				IPHONEOS_DEPLOYMENT_TARGET = 9.0;
				MTL_ENABLE_DEBUG_INFO = NO;
				SDKROOT = iphoneos;
				TARGETED_DEVICE_FAMILY = "1,2";
				VALIDATE_PRODUCT = YES;
			};
			name = Release;
		};
		8700A6401D502833000C9273 /* Debug */ = {
			isa = XCBuildConfiguration;
			baseConfigurationReference = 2B199AD75CF9EAB7D2F2C7F2 /* Pods-Demo01.debug.xcconfig */;
			buildSettings = {
				ASSETCATALOG_COMPILER_APPICON_NAME = AppIcon;
				INFOPLIST_FILE = Demo01/Info.plist;
				LD_RUNPATH_SEARCH_PATHS = "$(inherited) @executable_path/Frameworks";
				PRODUCT_BUNDLE_IDENTIFIER = com.qdyujiang.Demo01;
				PRODUCT_NAME = "$(TARGET_NAME)";
			};
			name = Debug;
		};
		8700A6411D502833000C9273 /* Release */ = {
			isa = XCBuildConfiguration;
			baseConfigurationReference = 402947E27EF088BE76C2829E /* Pods-Demo01.release.xcconfig */;
			buildSettings = {
				ASSETCATALOG_COMPILER_APPICON_NAME = AppIcon;
				INFOPLIST_FILE = Demo01/Info.plist;
				LD_RUNPATH_SEARCH_PATHS = "$(inherited) @executable_path/Frameworks";
				PRODUCT_BUNDLE_IDENTIFIER = com.qdyujiang.Demo01;
				PRODUCT_NAME = "$(TARGET_NAME)";
			};
			name = Release;
		};
/* End XCBuildConfiguration section */

/* Begin XCConfigurationList section */
		8700A6231D502833000C9273 /* Build configuration list for PBXProject "Demo01" */ = {
			isa = XCConfigurationList;
			buildConfigurations = (
				8700A63D1D502833000C9273 /* Debug */,
				8700A63E1D502833000C9273 /* Release */,
			);
			defaultConfigurationIsVisible = 0;
			defaultConfigurationName = Release;
		};
		8700A63F1D502833000C9273 /* Build configuration list for PBXNativeTarget "Demo01" */ = {
			isa = XCConfigurationList;
			buildConfigurations = (
				8700A6401D502833000C9273 /* Debug */,
				8700A6411D502833000C9273 /* Release */,
			);
			defaultConfigurationIsVisible = 0;
			defaultConfigurationName = Release;
		};
/* End XCConfigurationList section */
	};
	rootObject = 8700A6201D502833000C9273 /* Project object */;
}
